
Microsoft Visual Studio Solution File, Format Version 12.00
# Visual Studio Version 16
VisualStudioVersion = 16.0.31229.75
MinimumVisualStudioVersion = 10.0.40219.1
Project("{FAE04EC0-301F-11D3-BF4B-00C04F79EFBC}") = "ConsoleApp45", "ConsoleApp45\ConsoleApp45.csproj", "{430D8E4B-C534-4BCA-94C7-5FB50065F731}"
EndProject
Project("{FAE04EC0-301F-11D3-BF4B-00C04F79EFBC}") = "ConsoleApp1", "ConsoleApp1\ConsoleApp1.csproj", "{9E214B68-604D-4EA9-90EC-F493B4B81690}"
EndProject
Project("{FAE04EC0-301F-11D3-BF4B-00C04F79EFBC}") = "ConsoleApp2", "ConsoleApp2\ConsoleApp2.csproj", "{EF74EE41-77F9-4F12-8D56-38D3D2BD111D}"
EndProject
Project("{FAE04EC0-301F-11D3-BF4B-00C04F79EFBC}") = "ConsoleApp3", "ConsoleApp3\ConsoleApp3.csproj", "{68F1DAA9-75A0-47CD-8F50-B6F24BC30F4E}"
EndProject
Global
	GlobalSection(SolutionConfigurationPlatforms) = preSolution
		Debug|Any CPU = Debug|Any CPU
		Release|Any CPU = Release|Any CPU
	EndGlobalSection
	GlobalSection(ProjectConfigurationPlatforms) = postSolution
		{430D8E4B-C534-4BCA-94C7-5FB50065F731}.Debug|Any CPU.ActiveCfg = Debug|Any CPU
		{430D8E4B-C534-4BCA-94C7-5FB50065F731}.Debug|Any CPU.Build.0 = Debug|Any CPU
		{430D8E4B-C534-4BCA-94C7-5FB50065F731}.Release|Any CPU.ActiveCfg = Release|Any CPU
		{430D8E4B-C534-4BCA-94C7-5FB50065F731}.Release|Any CPU.Build.0 = Release|Any CPU
		{9E214B68-604D-4EA9-90EC-F493B4B81690}.Debug|Any CPU.ActiveCfg = Debug|Any CPU
		{9E214B68-604D-4EA9-90EC-F493B4B81690}.Debug|Any CPU.Build.0 = Debug|Any CPU
		{9E214B68-604D-4EA9-90EC-F493B4B81690}.Release|Any CPU.ActiveCfg = Release|Any CPU
		{9E214B68-604D-4EA9-90EC-F493B4B81690}.Release|Any CPU.Build.0 = Release|Any CPU
		{EF74EE41-77F9-4F12-8D56-38D3D2BD111D}.Debug|Any CPU.ActiveCfg = Debug|Any CPU
		{EF74EE41-77F9-4F12-8D56-38D3D2BD111D}.Debug|Any CPU.Build.0 = Debug|Any CPU
		{EF74EE41-77F9-4F12-8D56-38D3D2BD111D}.Release|Any CPU.ActiveCfg = Release|Any CPU
		{EF74EE41-77F9-4F12-8D56-38D3D2BD111D}.Release|Any CPU.Build.0 = Release|Any CPU
		{68F1DAA9-75A0-47CD-8F50-B6F24BC30F4E}.Debug|Any CPU.ActiveCfg = Debug|Any CPU
		{68F1DAA9-75A0-47CD-8F50-B6F24BC30F4E}.Debug|Any CPU.Build.0 = Debug|Any CPU
		{68F1DAA9-75A0-47CD-8F50-B6F24BC30F4E}.Release|Any CPU.ActiveCfg = Release|Any CPU
		{68F1DAA9-75A0-47CD-8F50-B6F24BC30F4E}.Release|Any CPU.Build.0 = Release|Any CPU
	EndGlobalSection
	GlobalSection(SolutionProperties) = preSolution
		HideSolutionNode = FALSE
	EndGlobalSection
	GlobalSection(ExtensibilityGlobals) = postSolution
		SolutionGuid = {6AE5CBBA-2E00-442F-BEBD-E89DDDA79719}
	EndGlobalSection
EndGlobal
